
Microsoft Visual Studio Solution File, Format Version 12.00
# Visual Studio 2012
Project("{D954291E-2A0B-460D-934E-DC6B0785DB48}") = "SquadBuilder", "SquadBuilder\SquadBuilder.shproj", "{A6E42A64-E9D2-409E-9024-2414EBAEE7BA}"
EndProject
Project("{FAE04EC0-301F-11D3-BF4B-00C04F79EFBC}") = "SquadBuilder.iOS", "iOS\SquadBuilder.iOS.csproj", "{77BA9493-6FD1-4D49-83B2-6CE088D8B545}"
EndProject
Project("{FAE04EC0-301F-11D3-BF4B-00C04F79EFBC}") = "SquadBuilder.Droid", "Droid\SquadBuilder.Droid.csproj", "{6767E203-D362-4821-997B-A64F6D94777C}"
EndProject
Project("{FAE04EC0-301F-11D3-BF4B-00C04F79EFBC}") = "SquadBuilder.Tests", "SquadBuilder.Tests\SquadBuilder.Tests.csproj", "{5A70365E-60D7-4606-9D89-2C7BD3356E1D}"
EndProject
Global
	GlobalSection(SolutionConfigurationPlatforms) = preSolution
		Debug|iPhoneSimulator = Debug|iPhoneSimulator
		Release|iPhone = Release|iPhone
		Release|iPhoneSimulator = Release|iPhoneSimulator
		Debug|iPhone = Debug|iPhone
		Debug|Any CPU = Debug|Any CPU
		Release|Any CPU = Release|Any CPU
		Debug|Android = Debug|Android
		AppStore|Any CPU = AppStore|Any CPU
	EndGlobalSection
	GlobalSection(ProjectConfigurationPlatforms) = postSolution
		{5A70365E-60D7-4606-9D89-2C7BD3356E1D}.AppStore|Any CPU.ActiveCfg = Debug|Any CPU
		{5A70365E-60D7-4606-9D89-2C7BD3356E1D}.AppStore|Any CPU.Build.0 = Debug|Any CPU
		{5A70365E-60D7-4606-9D89-2C7BD3356E1D}.Debug|Android.ActiveCfg = Debug|Any CPU
		{5A70365E-60D7-4606-9D89-2C7BD3356E1D}.Debug|Android.Build.0 = Debug|Any CPU
		{5A70365E-60D7-4606-9D89-2C7BD3356E1D}.Debug|Any CPU.ActiveCfg = Debug|Any CPU
		{5A70365E-60D7-4606-9D89-2C7BD3356E1D}.Debug|Any CPU.Build.0 = Debug|Any CPU
		{5A70365E-60D7-4606-9D89-2C7BD3356E1D}.Debug|iPhone.ActiveCfg = Debug|Any CPU
		{5A70365E-60D7-4606-9D89-2C7BD3356E1D}.Debug|iPhone.Build.0 = Debug|Any CPU
		{5A70365E-60D7-4606-9D89-2C7BD3356E1D}.Debug|iPhoneSimulator.ActiveCfg = Debug|Any CPU
		{5A70365E-60D7-4606-9D89-2C7BD3356E1D}.Debug|iPhoneSimulator.Build.0 = Debug|Any CPU
		{5A70365E-60D7-4606-9D89-2C7BD3356E1D}.Release|Any CPU.ActiveCfg = Release|Any CPU
		{5A70365E-60D7-4606-9D89-2C7BD3356E1D}.Release|iPhone.ActiveCfg = Release|Any CPU
		{5A70365E-60D7-4606-9D89-2C7BD3356E1D}.Release|iPhoneSimulator.ActiveCfg = Release|Any CPU
		{5A70365E-60D7-4606-9D89-2C7BD3356E1D}.Release|Any CPU.Build.0 = Release|Any CPU
		{6767E203-D362-4821-997B-A64F6D94777C}.AppStore|Any CPU.ActiveCfg = Debug|Any CPU
		{6767E203-D362-4821-997B-A64F6D94777C}.AppStore|Any CPU.Build.0 = Debug|Any CPU
		{6767E203-D362-4821-997B-A64F6D94777C}.Debug|Android.ActiveCfg = Debug|Any CPU
		{6767E203-D362-4821-997B-A64F6D94777C}.Debug|Android.Build.0 = Debug|Any CPU
		{6767E203-D362-4821-997B-A64F6D94777C}.Debug|Any CPU.ActiveCfg = Debug|Any CPU
		{6767E203-D362-4821-997B-A64F6D94777C}.Debug|Any CPU.Build.0 = Debug|Any CPU
		{6767E203-D362-4821-997B-A64F6D94777C}.Debug|iPhone.ActiveCfg = Debug|Any CPU
		{6767E203-D362-4821-997B-A64F6D94777C}.Debug|iPhoneSimulator.ActiveCfg = Debug|Any CPU
		{6767E203-D362-4821-997B-A64F6D94777C}.Release|Any CPU.ActiveCfg = Release|Any CPU
		{6767E203-D362-4821-997B-A64F6D94777C}.Release|Any CPU.Build.0 = Release|Any CPU
		{6767E203-D362-4821-997B-A64F6D94777C}.Release|iPhone.ActiveCfg = Release|Any CPU
		{6767E203-D362-4821-997B-A64F6D94777C}.Release|iPhoneSimulator.ActiveCfg = Release|Any CPU
		{77BA9493-6FD1-4D49-83B2-6CE088D8B545}.AppStore|Any CPU.ActiveCfg = AppStore|Any CPU
		{77BA9493-6FD1-4D49-83B2-6CE088D8B545}.AppStore|Any CPU.Build.0 = AppStore|Any CPU
		{77BA9493-6FD1-4D49-83B2-6CE088D8B545}.Debug|Android.ActiveCfg = Debug|iPhoneSimulator
		{77BA9493-6FD1-4D49-83B2-6CE088D8B545}.Debug|Android.Build.0 = Debug|iPhoneSimulator
		{77BA9493-6FD1-4D49-83B2-6CE088D8B545}.Debug|Any CPU.ActiveCfg = Debug|iPhone
		{77BA9493-6FD1-4D49-83B2-6CE088D8B545}.Debug|Any CPU.Build.0 = Debug|iPhone
		{77BA9493-6FD1-4D49-83B2-6CE088D8B545}.Debug|iPhone.ActiveCfg = Debug|iPhone
		{77BA9493-6FD1-4D49-83B2-6CE088D8B545}.Debug|iPhone.Build.0 = Debug|iPhone
		{77BA9493-6FD1-4D49-83B2-6CE088D8B545}.Debug|iPhoneSimulator.ActiveCfg = Debug|iPhoneSimulator
		{77BA9493-6FD1-4D49-83B2-6CE088D8B545}.Debug|iPhoneSimulator.Build.0 = Debug|iPhoneSimulator
		{77BA9493-6FD1-4D49-83B2-6CE088D8B545}.Release|Any CPU.ActiveCfg = Release|iPhone
		{77BA9493-6FD1-4D49-83B2-6CE088D8B545}.Release|iPhone.ActiveCfg = Release|iPhone
		{77BA9493-6FD1-4D49-83B2-6CE088D8B545}.Release|iPhone.Build.0 = Release|iPhone
		{77BA9493-6FD1-4D49-83B2-6CE088D8B545}.Release|iPhoneSimulator.ActiveCfg = Release|iPhoneSimulator
		{77BA9493-6FD1-4D49-83B2-6CE088D8B545}.Release|iPhoneSimulator.Build.0 = Release|iPhoneSimulator
		{77BA9493-6FD1-4D49-83B2-6CE088D8B545}.Release|Any CPU.Build.0 = Release|iPhone
	EndGlobalSection
	GlobalSection(MonoDevelopProperties) = preSolution
		Policies = $0
		$0.DotNetNamingPolicy = $1
		$1.DirectoryNamespaceAssociation = None
		$1.ResourceNamePolicy = FileFormatDefault
	EndGlobalSection
EndGlobal
