
Microsoft Visual Studio Solution File, Format Version 12.00
# Visual Studio 15
VisualStudioVersion = 15.0.27130.2024
MinimumVisualStudioVersion = 10.0.40219.1
Project("{D954291E-2A0B-460D-934E-DC6B0785DB48}") = "SquadBuilder", "SquadBuilder\SquadBuilder.shproj", "{A6E42A64-E9D2-409E-9024-2414EBAEE7BA}"
EndProject
Project("{FAE04EC0-301F-11D3-BF4B-00C04F79EFBC}") = "SquadBuilder.iOS", "iOS\SquadBuilder.iOS.csproj", "{77BA9493-6FD1-4D49-83B2-6CE088D8B545}"
EndProject
Project("{FAE04EC0-301F-11D3-BF4B-00C04F79EFBC}") = "SquadBuilder.Droid", "Droid\SquadBuilder.Droid.csproj", "{6767E203-D362-4821-997B-A64F6D94777C}"
EndProject
Project("{FAE04EC0-301F-11D3-BF4B-00C04F79EFBC}") = "SquadBuilder.Tests", "SquadBuilder.Tests\SquadBuilder.Tests.csproj", "{5A70365E-60D7-4606-9D89-2C7BD3356E1D}"
EndProject
Project("{2150E333-8FDC-42A3-9474-1A3956D46DE8}") = "Forms", "Forms", "{C5E048E3-306C-4F88-9B80-48F93EB5BB18}"
EndProject
Project("{FAE04EC0-301F-11D3-BF4B-00C04F79EFBC}") = "Xamarin.Forms.Platform.iOS", "..\Xamarin.Forms\Xamarin.Forms.Platform.iOS\Xamarin.Forms.Platform.iOS.csproj", "{271193C1-6E7C-429C-A36D-3F1BE5267231}"
EndProject
Project("{FAE04EC0-301F-11D3-BF4B-00C04F79EFBC}") = "Xamarin.Forms.Core", "..\Xamarin.Forms\Xamarin.Forms.Core\Xamarin.Forms.Core.csproj", "{57B8B73D-C3B5-4C42-869E-7B2F17D354AC}"
EndProject
Project("{FAE04EC0-301F-11D3-BF4B-00C04F79EFBC}") = "Xamarin.Forms.Platform", "..\Xamarin.Forms\Xamarin.Forms.Platform\Xamarin.Forms.Platform.csproj", "{67F9D3A8-F71E-4428-913F-C37AE82CDB24}"
EndProject
Project("{FAE04EC0-301F-11D3-BF4B-00C04F79EFBC}") = "Xamarin.Forms.Xaml", "..\Xamarin.Forms\Xamarin.Forms.Xaml\Xamarin.Forms.Xaml.csproj", "{9DB2F292-8034-4E06-89AD-98BBDA4306B9}"
EndProject
Global
	GlobalSection(SharedMSBuildProjectFiles) = preSolution
		SquadBuilder\SquadBuilder.projitems*{6767e203-d362-4821-997b-a64f6d94777c}*SharedItemsImports = 4
		SquadBuilder\SquadBuilder.projitems*{77ba9493-6fd1-4d49-83b2-6ce088d8b545}*SharedItemsImports = 4
		SquadBuilder\SquadBuilder.projitems*{a6e42a64-e9d2-409e-9024-2414ebaee7ba}*SharedItemsImports = 13
	EndGlobalSection
	GlobalSection(SolutionConfigurationPlatforms) = preSolution
		AppStore|Android = AppStore|Android
		AppStore|Any CPU = AppStore|Any CPU
		AppStore|iPhone = AppStore|iPhone
		AppStore|iPhoneSimulator = AppStore|iPhoneSimulator
		Debug|Android = Debug|Android
		Debug|Any CPU = Debug|Any CPU
		Debug|iPhone = Debug|iPhone
		Debug|iPhoneSimulator = Debug|iPhoneSimulator
		Release|Android = Release|Android
		Release|Any CPU = Release|Any CPU
		Release|iPhone = Release|iPhone
		Release|iPhoneSimulator = Release|iPhoneSimulator
		Turkey|Any CPU = Turkey|Any CPU
	EndGlobalSection
	GlobalSection(ProjectConfigurationPlatforms) = postSolution
		{77BA9493-6FD1-4D49-83B2-6CE088D8B545}.AppStore|Android.ActiveCfg = Ad Hoc|iPhone
		{77BA9493-6FD1-4D49-83B2-6CE088D8B545}.AppStore|Android.Build.0 = Ad Hoc|iPhone
		{77BA9493-6FD1-4D49-83B2-6CE088D8B545}.AppStore|Any CPU.ActiveCfg = Ad Hoc|iPhone
		{77BA9493-6FD1-4D49-83B2-6CE088D8B545}.AppStore|Any CPU.Build.0 = Ad Hoc|iPhone
		{77BA9493-6FD1-4D49-83B2-6CE088D8B545}.AppStore|iPhone.ActiveCfg = Ad Hoc|iPhone
		{77BA9493-6FD1-4D49-83B2-6CE088D8B545}.AppStore|iPhone.Build.0 = Ad Hoc|iPhone
		{77BA9493-6FD1-4D49-83B2-6CE088D8B545}.AppStore|iPhoneSimulator.ActiveCfg = Ad Hoc|iPhoneSimulator
		{77BA9493-6FD1-4D49-83B2-6CE088D8B545}.AppStore|iPhoneSimulator.Build.0 = Ad Hoc|iPhoneSimulator
		{77BA9493-6FD1-4D49-83B2-6CE088D8B545}.Debug|Android.ActiveCfg = Debug|iPhoneSimulator
		{77BA9493-6FD1-4D49-83B2-6CE088D8B545}.Debug|Android.Build.0 = Debug|iPhoneSimulator
		{77BA9493-6FD1-4D49-83B2-6CE088D8B545}.Debug|Any CPU.ActiveCfg = Debug|iPhone
		{77BA9493-6FD1-4D49-83B2-6CE088D8B545}.Debug|Any CPU.Build.0 = Debug|iPhone
		{77BA9493-6FD1-4D49-83B2-6CE088D8B545}.Debug|iPhone.ActiveCfg = Debug|iPhone
		{77BA9493-6FD1-4D49-83B2-6CE088D8B545}.Debug|iPhone.Build.0 = Debug|iPhone
		{77BA9493-6FD1-4D49-83B2-6CE088D8B545}.Debug|iPhoneSimulator.ActiveCfg = Debug|iPhoneSimulator
		{77BA9493-6FD1-4D49-83B2-6CE088D8B545}.Debug|iPhoneSimulator.Build.0 = Debug|iPhoneSimulator
		{77BA9493-6FD1-4D49-83B2-6CE088D8B545}.Release|Android.ActiveCfg = Release|iPhoneSimulator
		{77BA9493-6FD1-4D49-83B2-6CE088D8B545}.Release|Any CPU.ActiveCfg = Release|iPhone
		{77BA9493-6FD1-4D49-83B2-6CE088D8B545}.Release|iPhone.ActiveCfg = Release|iPhone
		{77BA9493-6FD1-4D49-83B2-6CE088D8B545}.Release|iPhone.Build.0 = Release|iPhone
		{77BA9493-6FD1-4D49-83B2-6CE088D8B545}.Release|iPhoneSimulator.ActiveCfg = Release|iPhoneSimulator
		{77BA9493-6FD1-4D49-83B2-6CE088D8B545}.Release|iPhoneSimulator.Build.0 = Release|iPhoneSimulator
		{77BA9493-6FD1-4D49-83B2-6CE088D8B545}.Turkey|Any CPU.ActiveCfg = Debug|iPhoneSimulator
		{77BA9493-6FD1-4D49-83B2-6CE088D8B545}.Turkey|Any CPU.Build.0 = Debug|iPhoneSimulator
		{6767E203-D362-4821-997B-A64F6D94777C}.AppStore|Android.ActiveCfg = Release|Any CPU
		{6767E203-D362-4821-997B-A64F6D94777C}.AppStore|Any CPU.ActiveCfg = Debug|Any CPU
		{6767E203-D362-4821-997B-A64F6D94777C}.AppStore|Any CPU.Build.0 = Debug|Any CPU
		{6767E203-D362-4821-997B-A64F6D94777C}.AppStore|iPhone.ActiveCfg = Release|Any CPU
		{6767E203-D362-4821-997B-A64F6D94777C}.AppStore|iPhoneSimulator.ActiveCfg = Release|Any CPU
		{6767E203-D362-4821-997B-A64F6D94777C}.Debug|Android.ActiveCfg = Debug|Any CPU
		{6767E203-D362-4821-997B-A64F6D94777C}.Debug|Android.Build.0 = Debug|Any CPU
		{6767E203-D362-4821-997B-A64F6D94777C}.Debug|Android.Deploy.0 = Debug|Any CPU
		{6767E203-D362-4821-997B-A64F6D94777C}.Debug|Any CPU.ActiveCfg = Debug|Any CPU
		{6767E203-D362-4821-997B-A64F6D94777C}.Debug|Any CPU.Build.0 = Debug|Any CPU
		{6767E203-D362-4821-997B-A64F6D94777C}.Debug|iPhone.ActiveCfg = Debug|Any CPU
		{6767E203-D362-4821-997B-A64F6D94777C}.Debug|iPhoneSimulator.ActiveCfg = Debug|Any CPU
		{6767E203-D362-4821-997B-A64F6D94777C}.Release|Android.ActiveCfg = Release|Any CPU
		{6767E203-D362-4821-997B-A64F6D94777C}.Release|Any CPU.ActiveCfg = Release|Any CPU
		{6767E203-D362-4821-997B-A64F6D94777C}.Release|Any CPU.Build.0 = Release|Any CPU
		{6767E203-D362-4821-997B-A64F6D94777C}.Release|iPhone.ActiveCfg = Release|Any CPU
		{6767E203-D362-4821-997B-A64F6D94777C}.Release|iPhoneSimulator.ActiveCfg = Release|Any CPU
		{6767E203-D362-4821-997B-A64F6D94777C}.Turkey|Any CPU.ActiveCfg = Debug|Any CPU
		{6767E203-D362-4821-997B-A64F6D94777C}.Turkey|Any CPU.Build.0 = Debug|Any CPU
		{5A70365E-60D7-4606-9D89-2C7BD3356E1D}.AppStore|Android.ActiveCfg = Release|Any CPU
		{5A70365E-60D7-4606-9D89-2C7BD3356E1D}.AppStore|Android.Build.0 = Release|Any CPU
		{5A70365E-60D7-4606-9D89-2C7BD3356E1D}.AppStore|Any CPU.ActiveCfg = Debug|Any CPU
		{5A70365E-60D7-4606-9D89-2C7BD3356E1D}.AppStore|Any CPU.Build.0 = Debug|Any CPU
		{5A70365E-60D7-4606-9D89-2C7BD3356E1D}.AppStore|iPhone.ActiveCfg = Release|Any CPU
		{5A70365E-60D7-4606-9D89-2C7BD3356E1D}.AppStore|iPhone.Build.0 = Release|Any CPU
		{5A70365E-60D7-4606-9D89-2C7BD3356E1D}.AppStore|iPhoneSimulator.ActiveCfg = Release|Any CPU
		{5A70365E-60D7-4606-9D89-2C7BD3356E1D}.AppStore|iPhoneSimulator.Build.0 = Release|Any CPU
		{5A70365E-60D7-4606-9D89-2C7BD3356E1D}.Debug|Android.ActiveCfg = Debug|Any CPU
		{5A70365E-60D7-4606-9D89-2C7BD3356E1D}.Debug|Android.Build.0 = Debug|Any CPU
		{5A70365E-60D7-4606-9D89-2C7BD3356E1D}.Debug|Any CPU.ActiveCfg = Debug|Any CPU
		{5A70365E-60D7-4606-9D89-2C7BD3356E1D}.Debug|Any CPU.Build.0 = Debug|Any CPU
		{5A70365E-60D7-4606-9D89-2C7BD3356E1D}.Debug|iPhone.ActiveCfg = Debug|Any CPU
		{5A70365E-60D7-4606-9D89-2C7BD3356E1D}.Debug|iPhone.Build.0 = Debug|Any CPU
		{5A70365E-60D7-4606-9D89-2C7BD3356E1D}.Debug|iPhoneSimulator.ActiveCfg = Debug|Any CPU
		{5A70365E-60D7-4606-9D89-2C7BD3356E1D}.Debug|iPhoneSimulator.Build.0 = Debug|Any CPU
		{5A70365E-60D7-4606-9D89-2C7BD3356E1D}.Release|Android.ActiveCfg = Release|Any CPU
		{5A70365E-60D7-4606-9D89-2C7BD3356E1D}.Release|Android.Build.0 = Release|Any CPU
		{5A70365E-60D7-4606-9D89-2C7BD3356E1D}.Release|Any CPU.ActiveCfg = Release|Any CPU
		{5A70365E-60D7-4606-9D89-2C7BD3356E1D}.Release|iPhone.ActiveCfg = Release|Any CPU
		{5A70365E-60D7-4606-9D89-2C7BD3356E1D}.Release|iPhoneSimulator.ActiveCfg = Release|Any CPU
		{5A70365E-60D7-4606-9D89-2C7BD3356E1D}.Turkey|Any CPU.ActiveCfg = Debug|Any CPU
		{5A70365E-60D7-4606-9D89-2C7BD3356E1D}.Turkey|Any CPU.Build.0 = Debug|Any CPU
		{271193C1-6E7C-429C-A36D-3F1BE5267231}.AppStore|Android.ActiveCfg = AppStore|Any CPU
		{271193C1-6E7C-429C-A36D-3F1BE5267231}.AppStore|Android.Build.0 = AppStore|Any CPU
		{271193C1-6E7C-429C-A36D-3F1BE5267231}.AppStore|Any CPU.ActiveCfg = AppStore|Any CPU
		{271193C1-6E7C-429C-A36D-3F1BE5267231}.AppStore|Any CPU.Build.0 = AppStore|Any CPU
		{271193C1-6E7C-429C-A36D-3F1BE5267231}.AppStore|iPhone.ActiveCfg = AppStore|Any CPU
		{271193C1-6E7C-429C-A36D-3F1BE5267231}.AppStore|iPhone.Build.0 = AppStore|Any CPU
		{271193C1-6E7C-429C-A36D-3F1BE5267231}.AppStore|iPhoneSimulator.ActiveCfg = AppStore|Any CPU
		{271193C1-6E7C-429C-A36D-3F1BE5267231}.AppStore|iPhoneSimulator.Build.0 = AppStore|Any CPU
		{271193C1-6E7C-429C-A36D-3F1BE5267231}.Debug|Android.ActiveCfg = Debug|Any CPU
		{271193C1-6E7C-429C-A36D-3F1BE5267231}.Debug|Android.Build.0 = Debug|Any CPU
		{271193C1-6E7C-429C-A36D-3F1BE5267231}.Debug|Any CPU.ActiveCfg = Debug|Any CPU
		{271193C1-6E7C-429C-A36D-3F1BE5267231}.Debug|Any CPU.Build.0 = Debug|Any CPU
		{271193C1-6E7C-429C-A36D-3F1BE5267231}.Debug|iPhone.ActiveCfg = Debug|Any CPU
		{271193C1-6E7C-429C-A36D-3F1BE5267231}.Debug|iPhone.Build.0 = Debug|Any CPU
		{271193C1-6E7C-429C-A36D-3F1BE5267231}.Debug|iPhoneSimulator.ActiveCfg = Debug|Any CPU
		{271193C1-6E7C-429C-A36D-3F1BE5267231}.Debug|iPhoneSimulator.Build.0 = Debug|Any CPU
		{271193C1-6E7C-429C-A36D-3F1BE5267231}.Release|Android.ActiveCfg = Release|Any CPU
		{271193C1-6E7C-429C-A36D-3F1BE5267231}.Release|Android.Build.0 = Release|Any CPU
		{271193C1-6E7C-429C-A36D-3F1BE5267231}.Release|Any CPU.ActiveCfg = Release|Any CPU
		{271193C1-6E7C-429C-A36D-3F1BE5267231}.Release|Any CPU.Build.0 = Release|Any CPU
		{271193C1-6E7C-429C-A36D-3F1BE5267231}.Release|iPhone.ActiveCfg = Release|Any CPU
		{271193C1-6E7C-429C-A36D-3F1BE5267231}.Release|iPhone.Build.0 = Release|Any CPU
		{271193C1-6E7C-429C-A36D-3F1BE5267231}.Release|iPhoneSimulator.ActiveCfg = Release|Any CPU
		{271193C1-6E7C-429C-A36D-3F1BE5267231}.Release|iPhoneSimulator.Build.0 = Release|Any CPU
		{271193C1-6E7C-429C-A36D-3F1BE5267231}.Turkey|Any CPU.ActiveCfg = Turkey|Any CPU
		{271193C1-6E7C-429C-A36D-3F1BE5267231}.Turkey|Any CPU.Build.0 = Turkey|Any CPU
		{57B8B73D-C3B5-4C42-869E-7B2F17D354AC}.AppStore|Android.ActiveCfg = Release|Any CPU
		{57B8B73D-C3B5-4C42-869E-7B2F17D354AC}.AppStore|Android.Build.0 = Release|Any CPU
		{57B8B73D-C3B5-4C42-869E-7B2F17D354AC}.AppStore|Any CPU.ActiveCfg = Release|Any CPU
		{57B8B73D-C3B5-4C42-869E-7B2F17D354AC}.AppStore|Any CPU.Build.0 = Release|Any CPU
		{57B8B73D-C3B5-4C42-869E-7B2F17D354AC}.AppStore|iPhone.ActiveCfg = Release|Any CPU
		{57B8B73D-C3B5-4C42-869E-7B2F17D354AC}.AppStore|iPhone.Build.0 = Release|Any CPU
		{57B8B73D-C3B5-4C42-869E-7B2F17D354AC}.AppStore|iPhoneSimulator.ActiveCfg = Release|Any CPU
		{57B8B73D-C3B5-4C42-869E-7B2F17D354AC}.AppStore|iPhoneSimulator.Build.0 = Release|Any CPU
		{57B8B73D-C3B5-4C42-869E-7B2F17D354AC}.Debug|Android.ActiveCfg = Debug|Any CPU
		{57B8B73D-C3B5-4C42-869E-7B2F17D354AC}.Debug|Android.Build.0 = Debug|Any CPU
		{57B8B73D-C3B5-4C42-869E-7B2F17D354AC}.Debug|Any CPU.ActiveCfg = Debug|Any CPU
		{57B8B73D-C3B5-4C42-869E-7B2F17D354AC}.Debug|Any CPU.Build.0 = Debug|Any CPU
		{57B8B73D-C3B5-4C42-869E-7B2F17D354AC}.Debug|iPhone.ActiveCfg = Debug|Any CPU
		{57B8B73D-C3B5-4C42-869E-7B2F17D354AC}.Debug|iPhone.Build.0 = Debug|Any CPU
		{57B8B73D-C3B5-4C42-869E-7B2F17D354AC}.Debug|iPhoneSimulator.ActiveCfg = Debug|Any CPU
		{57B8B73D-C3B5-4C42-869E-7B2F17D354AC}.Debug|iPhoneSimulator.Build.0 = Debug|Any CPU
		{57B8B73D-C3B5-4C42-869E-7B2F17D354AC}.Release|Android.ActiveCfg = Release|Any CPU
		{57B8B73D-C3B5-4C42-869E-7B2F17D354AC}.Release|Android.Build.0 = Release|Any CPU
		{57B8B73D-C3B5-4C42-869E-7B2F17D354AC}.Release|Any CPU.ActiveCfg = Release|Any CPU
		{57B8B73D-C3B5-4C42-869E-7B2F17D354AC}.Release|Any CPU.Build.0 = Release|Any CPU
		{57B8B73D-C3B5-4C42-869E-7B2F17D354AC}.Release|iPhone.ActiveCfg = Release|Any CPU
		{57B8B73D-C3B5-4C42-869E-7B2F17D354AC}.Release|iPhone.Build.0 = Release|Any CPU
		{57B8B73D-C3B5-4C42-869E-7B2F17D354AC}.Release|iPhoneSimulator.ActiveCfg = Release|Any CPU
		{57B8B73D-C3B5-4C42-869E-7B2F17D354AC}.Release|iPhoneSimulator.Build.0 = Release|Any CPU
		{57B8B73D-C3B5-4C42-869E-7B2F17D354AC}.Turkey|Any CPU.ActiveCfg = Turkey|Any CPU
		{57B8B73D-C3B5-4C42-869E-7B2F17D354AC}.Turkey|Any CPU.Build.0 = Turkey|Any CPU
		{67F9D3A8-F71E-4428-913F-C37AE82CDB24}.AppStore|Android.ActiveCfg = Release|Any CPU
		{67F9D3A8-F71E-4428-913F-C37AE82CDB24}.AppStore|Android.Build.0 = Release|Any CPU
		{67F9D3A8-F71E-4428-913F-C37AE82CDB24}.AppStore|Any CPU.ActiveCfg = Release|Any CPU
		{67F9D3A8-F71E-4428-913F-C37AE82CDB24}.AppStore|Any CPU.Build.0 = Release|Any CPU
		{67F9D3A8-F71E-4428-913F-C37AE82CDB24}.AppStore|iPhone.ActiveCfg = Release|Any CPU
		{67F9D3A8-F71E-4428-913F-C37AE82CDB24}.AppStore|iPhone.Build.0 = Release|Any CPU
		{67F9D3A8-F71E-4428-913F-C37AE82CDB24}.AppStore|iPhoneSimulator.ActiveCfg = Release|Any CPU
		{67F9D3A8-F71E-4428-913F-C37AE82CDB24}.AppStore|iPhoneSimulator.Build.0 = Release|Any CPU
		{67F9D3A8-F71E-4428-913F-C37AE82CDB24}.Debug|Android.ActiveCfg = Debug|Any CPU
		{67F9D3A8-F71E-4428-913F-C37AE82CDB24}.Debug|Android.Build.0 = Debug|Any CPU
		{67F9D3A8-F71E-4428-913F-C37AE82CDB24}.Debug|Any CPU.ActiveCfg = Debug|Any CPU
		{67F9D3A8-F71E-4428-913F-C37AE82CDB24}.Debug|Any CPU.Build.0 = Debug|Any CPU
		{67F9D3A8-F71E-4428-913F-C37AE82CDB24}.Debug|iPhone.ActiveCfg = Debug|Any CPU
		{67F9D3A8-F71E-4428-913F-C37AE82CDB24}.Debug|iPhone.Build.0 = Debug|Any CPU
		{67F9D3A8-F71E-4428-913F-C37AE82CDB24}.Debug|iPhoneSimulator.ActiveCfg = Debug|Any CPU
		{67F9D3A8-F71E-4428-913F-C37AE82CDB24}.Debug|iPhoneSimulator.Build.0 = Debug|Any CPU
		{67F9D3A8-F71E-4428-913F-C37AE82CDB24}.Release|Android.ActiveCfg = Release|Any CPU
		{67F9D3A8-F71E-4428-913F-C37AE82CDB24}.Release|Android.Build.0 = Release|Any CPU
		{67F9D3A8-F71E-4428-913F-C37AE82CDB24}.Release|Any CPU.ActiveCfg = Release|Any CPU
		{67F9D3A8-F71E-4428-913F-C37AE82CDB24}.Release|Any CPU.Build.0 = Release|Any CPU
		{67F9D3A8-F71E-4428-913F-C37AE82CDB24}.Release|iPhone.ActiveCfg = Release|Any CPU
		{67F9D3A8-F71E-4428-913F-C37AE82CDB24}.Release|iPhone.Build.0 = Release|Any CPU
		{67F9D3A8-F71E-4428-913F-C37AE82CDB24}.Release|iPhoneSimulator.ActiveCfg = Release|Any CPU
		{67F9D3A8-F71E-4428-913F-C37AE82CDB24}.Release|iPhoneSimulator.Build.0 = Release|Any CPU
		{67F9D3A8-F71E-4428-913F-C37AE82CDB24}.Turkey|Any CPU.ActiveCfg = Debug|Any CPU
		{67F9D3A8-F71E-4428-913F-C37AE82CDB24}.Turkey|Any CPU.Build.0 = Debug|Any CPU
		{9DB2F292-8034-4E06-89AD-98BBDA4306B9}.AppStore|Android.ActiveCfg = Release|Any CPU
		{9DB2F292-8034-4E06-89AD-98BBDA4306B9}.AppStore|Android.Build.0 = Release|Any CPU
		{9DB2F292-8034-4E06-89AD-98BBDA4306B9}.AppStore|Any CPU.ActiveCfg = Release|Any CPU
		{9DB2F292-8034-4E06-89AD-98BBDA4306B9}.AppStore|Any CPU.Build.0 = Release|Any CPU
		{9DB2F292-8034-4E06-89AD-98BBDA4306B9}.AppStore|iPhone.ActiveCfg = Release|Any CPU
		{9DB2F292-8034-4E06-89AD-98BBDA4306B9}.AppStore|iPhone.Build.0 = Release|Any CPU
		{9DB2F292-8034-4E06-89AD-98BBDA4306B9}.AppStore|iPhoneSimulator.ActiveCfg = Release|Any CPU
		{9DB2F292-8034-4E06-89AD-98BBDA4306B9}.AppStore|iPhoneSimulator.Build.0 = Release|Any CPU
		{9DB2F292-8034-4E06-89AD-98BBDA4306B9}.Debug|Android.ActiveCfg = Debug|Any CPU
		{9DB2F292-8034-4E06-89AD-98BBDA4306B9}.Debug|Android.Build.0 = Debug|Any CPU
		{9DB2F292-8034-4E06-89AD-98BBDA4306B9}.Debug|Any CPU.ActiveCfg = Debug|Any CPU
		{9DB2F292-8034-4E06-89AD-98BBDA4306B9}.Debug|Any CPU.Build.0 = Debug|Any CPU
		{9DB2F292-8034-4E06-89AD-98BBDA4306B9}.Debug|iPhone.ActiveCfg = Debug|Any CPU
		{9DB2F292-8034-4E06-89AD-98BBDA4306B9}.Debug|iPhone.Build.0 = Debug|Any CPU
		{9DB2F292-8034-4E06-89AD-98BBDA4306B9}.Debug|iPhoneSimulator.ActiveCfg = Debug|Any CPU
		{9DB2F292-8034-4E06-89AD-98BBDA4306B9}.Debug|iPhoneSimulator.Build.0 = Debug|Any CPU
		{9DB2F292-8034-4E06-89AD-98BBDA4306B9}.Release|Android.ActiveCfg = Release|Any CPU
		{9DB2F292-8034-4E06-89AD-98BBDA4306B9}.Release|Android.Build.0 = Release|Any CPU
		{9DB2F292-8034-4E06-89AD-98BBDA4306B9}.Release|Any CPU.ActiveCfg = Release|Any CPU
		{9DB2F292-8034-4E06-89AD-98BBDA4306B9}.Release|Any CPU.Build.0 = Release|Any CPU
		{9DB2F292-8034-4E06-89AD-98BBDA4306B9}.Release|iPhone.ActiveCfg = Release|Any CPU
		{9DB2F292-8034-4E06-89AD-98BBDA4306B9}.Release|iPhone.Build.0 = Release|Any CPU
		{9DB2F292-8034-4E06-89AD-98BBDA4306B9}.Release|iPhoneSimulator.ActiveCfg = Release|Any CPU
		{9DB2F292-8034-4E06-89AD-98BBDA4306B9}.Release|iPhoneSimulator.Build.0 = Release|Any CPU
		{9DB2F292-8034-4E06-89AD-98BBDA4306B9}.Turkey|Any CPU.ActiveCfg = Turkey|Any CPU
		{9DB2F292-8034-4E06-89AD-98BBDA4306B9}.Turkey|Any CPU.Build.0 = Turkey|Any CPU
	EndGlobalSection
	GlobalSection(SolutionProperties) = preSolution
		HideSolutionNode = FALSE
	EndGlobalSection
	GlobalSection(ExtensibilityGlobals) = postSolution
		SolutionGuid = {5283FE7D-99F7-4E0B-B54B-7CAF0ABB844B}
	EndGlobalSection
	GlobalSection(MonoDevelopProperties) = preSolution
		Policies = $0
		$0.DotNetNamingPolicy = $1
	EndGlobalSection
	GlobalSection(NestedProjects) = preSolution
		{271193C1-6E7C-429C-A36D-3F1BE5267231} = {C5E048E3-306C-4F88-9B80-48F93EB5BB18}
		{57B8B73D-C3B5-4C42-869E-7B2F17D354AC} = {C5E048E3-306C-4F88-9B80-48F93EB5BB18}
		{67F9D3A8-F71E-4428-913F-C37AE82CDB24} = {C5E048E3-306C-4F88-9B80-48F93EB5BB18}
		{9DB2F292-8034-4E06-89AD-98BBDA4306B9} = {C5E048E3-306C-4F88-9B80-48F93EB5BB18}
	EndGlobalSection
EndGlobal
